
Microsoft Visual Studio Solution File, Format Version 12.00
# Visual Studio Version 17
VisualStudioVersion = 17.6.33801.468
MinimumVisualStudioVersion = 10.0.40219.1
Project("{888888A0-9F3D-457C-B088-3A5042F75D52}") = "PythonEuler", "PythonEuler\PythonEuler.pyproj", "{344F3D60-2FC2-4439-81DF-D9CED4780868}"
EndProject
Global
	GlobalSection(SolutionConfigurationPlatforms) = preSolution
		Debug|Any CPU = Debug|Any CPU
		Release|Any CPU = Release|Any CPU
	EndGlobalSection
	GlobalSection(ProjectConfigurationPlatforms) = postSolution
		{344F3D60-2FC2-4439-81DF-D9CED4780868}.Debug|Any CPU.ActiveCfg = Debug|Any CPU
		{344F3D60-2FC2-4439-81DF-D9CED4780868}.Release|Any CPU.ActiveCfg = Release|Any CPU
	EndGlobalSection
	GlobalSection(SolutionProperties) = preSolution
		HideSolutionNode = FALSE
	EndGlobalSection
	GlobalSection(ExtensibilityGlobals) = postSolution
		SolutionGuid = {BC16D030-8E5A-4E34-A557-C5D8EB586A60}
	EndGlobalSection
EndGlobal
